
Microsoft Visual Studio Solution File, Format Version 12.00
# Visual Studio Version 17
VisualStudioVersion = 17.4.33110.190
MinimumVisualStudioVersion = 10.0.40219.1
Project("{FAE04EC0-301F-11D3-BF4B-00C04F79EFBC}") = "Opdracht1", "Opdracht 1\Opdracht1.csproj", "{3879456F-478B-4530-B4ED-D77F3914CAB1}"
EndProject
Global
	GlobalSection(SolutionConfigurationPlatforms) = preSolution
		Debug|Any CPU = Debug|Any CPU
		Release|Any CPU = Release|Any CPU
	EndGlobalSection
	GlobalSection(ProjectConfigurationPlatforms) = postSolution
		{3879456F-478B-4530-B4ED-D77F3914CAB1}.Debug|Any CPU.ActiveCfg = Debug|Any CPU
		{3879456F-478B-4530-B4ED-D77F3914CAB1}.Debug|Any CPU.Build.0 = Debug|Any CPU
		{3879456F-478B-4530-B4ED-D77F3914CAB1}.Release|Any CPU.ActiveCfg = Release|Any CPU
		{3879456F-478B-4530-B4ED-D77F3914CAB1}.Release|Any CPU.Build.0 = Release|Any CPU
	EndGlobalSection
	GlobalSection(SolutionProperties) = preSolution
		HideSolutionNode = FALSE
	EndGlobalSection
	GlobalSection(ExtensibilityGlobals) = postSolution
		SolutionGuid = {0BB78ECD-9D28-4B35-896F-B845F0A9E206}
	EndGlobalSection
EndGlobal
